Microsoft Visual Studio Solution File, Format Version 7.00
Project("{8BC9CEB8-8B4A-11D0-8D11-00A0C91BC942}") = "MCTrickButton", "MCTrickButton.vcproj", "{96DDD812-BEB3-4ACA-BFFC-8DC3735105DF}"
EndProject
Global
	GlobalSection(SolutionConfiguration) = preSolution
		ConfigName.0 = Debug
		ConfigName.1 = Release
	EndGlobalSection
	GlobalSection(ProjectDependencies) = postSolution
	EndGlobalSection
	GlobalSection(ProjectConfiguration) = postSolution
		{96DDD812-BEB3-4ACA-BFFC-8DC3735105DF}.Debug.ActiveCfg = Debug|Win32
		{96DDD812-BEB3-4ACA-BFFC-8DC3735105DF}.Debug.Build.0 = Debug|Win32
		{96DDD812-BEB3-4ACA-BFFC-8DC3735105DF}.Release.ActiveCfg = Release|Win32
		{96DDD812-BEB3-4ACA-BFFC-8DC3735105DF}.Release.Build.0 = Release|Win32
	EndGlobalSection
	GlobalSection(ExtensibilityGlobals) = postSolution
	EndGlobalSection
	GlobalSection(ExtensibilityAddIns) = postSolution
	EndGlobalSection
EndGlobal
